// !$*UTF8*$!
{
	archiveVersion = 1;
	classes = {
	};
	objectVersion = 50;
	objects = {

/* Begin PBXBuildFile section */
		E60485702452B4F30070A045 /* AppDelegate.swift in Sources */ = {isa = PBXBuildFile; fileRef = E604856F2452B4F30070A045 /* AppDelegate.swift */; };
		E60485722452B4F30070A045 /* ViewController.swift in Sources */ = {isa = PBXBuildFile; fileRef = E60485712452B4F30070A045 /* ViewController.swift */; };
		E60485752452B4F30070A045 /* Main.storyboard in Resources */ = {isa = PBXBuildFile; fileRef = E60485732452B4F30070A045 /* Main.storyboard */; };
		E60485772452B4F30070A045 /* Assets.xcassets in Resources */ = {isa = PBXBuildFile; fileRef = E60485762452B4F30070A045 /* Assets.xcassets */; };
		E604857A2452B4F30070A045 /* LaunchScreen.storyboard in Resources */ = {isa = PBXBuildFile; fileRef = E60485782452B4F30070A045 /* LaunchScreen.storyboard */; };
		E61FCC7A2457CB2900E87D56 /* KSKVOController.m in Sources */ = {isa = PBXBuildFile; fileRef = E61FCC792457CB2900E87D56 /* KSKVOController.m */; };
		E61FCC822457FEDC00E87D56 /* KSMainCollectionViewCell.swift in Sources */ = {isa = PBXBuildFile; fileRef = E61FCC812457FEDC00E87D56 /* KSMainCollectionViewCell.swift */; };
		E61FCC84245801E500E87D56 /* KSMainViewData.swift in Sources */ = {isa = PBXBuildFile; fileRef = E61FCC83245801E500E87D56 /* KSMainViewData.swift */; };
		E61FCC862458025600E87D56 /* KSFunctionPage.swift in Sources */ = {isa = PBXBuildFile; fileRef = E61FCC852458025600E87D56 /* KSFunctionPage.swift */; };
		E64BB8AB2452B70B008D7DB5 /* KSBaseViewController.swift in Sources */ = {isa = PBXBuildFile; fileRef = E64BB8AA2452B70B008D7DB5 /* KSBaseViewController.swift */; };
		E64BB8B82452BB2B008D7DB5 /* KSRunloopController.m in Sources */ = {isa = PBXBuildFile; fileRef = E64BB8B72452BB2B008D7DB5 /* KSRunloopController.m */; };
		E64BB8BE2452BB83008D7DB5 /* UIViewController+KSCategory.m in Sources */ = {isa = PBXBuildFile; fileRef = E64BB8BD2452BB83008D7DB5 /* UIViewController+KSCategory.m */; };
		E64BB8CA2452C293008D7DB5 /* KSDispatchGroupController.swift in Sources */ = {isa = PBXBuildFile; fileRef = E64BB8C92452C293008D7DB5 /* KSDispatchGroupController.swift */; };
		E64BB8CD2452C39C008D7DB5 /* KSLog.swift in Sources */ = {isa = PBXBuildFile; fileRef = E64BB8CC2452C39C008D7DB5 /* KSLog.swift */; };
		E64BB8D62452C905008D7DB5 /* KSDispatchGroupcController.m in Sources */ = {isa = PBXBuildFile; fileRef = E64BB8D52452C905008D7DB5 /* KSDispatchGroupcController.m */; };
		E655E00C2452F09F00FA359B /* KSKeychainController.m in Sources */ = {isa = PBXBuildFile; fileRef = E655E00B2452F09F00FA359B /* KSKeychainController.m */; };
		E655E0112452F13000FA359B /* KSKeychain.m in Sources */ = {isa = PBXBuildFile; fileRef = E655E0102452F13000FA359B /* KSKeychain.m */; };
		E655E0182452FCC300FA359B /* KSSandboxController.m in Sources */ = {isa = PBXBuildFile; fileRef = E655E0172452FCC300FA359B /* KSSandboxController.m */; };
		E655E01D2452FFE500FA359B /* KSUser.m in Sources */ = {isa = PBXBuildFile; fileRef = E655E01C2452FFE500FA359B /* KSUser.m */; };
		E655E0282453049A00FA359B /* KSReflection.m in Sources */ = {isa = PBXBuildFile; fileRef = E655E0272453049A00FA359B /* KSReflection.m */; };
		E67D37262456B1AA00174D75 /* KSMemoryController.m in Sources */ = {isa = PBXBuildFile; fileRef = E67D37252456B1AA00174D75 /* KSMemoryController.m */; };
		E67D37562456C93900174D75 /* KSAssignController.m in Sources */ = {isa = PBXBuildFile; fileRef = E67D37552456C93900174D75 /* KSAssignController.m */; };
		E67D375D2456F85E00174D75 /* KSBarrierController.m in Sources */ = {isa = PBXBuildFile; fileRef = E67D375C2456F85E00174D75 /* KSBarrierController.m */; };
		E6ACF43A245A7C6100322BB9 /* KSCopyController.m in Sources */ = {isa = PBXBuildFile; fileRef = E6ACF439245A7C6100322BB9 /* KSCopyController.m */; };
		E6ACF441245AB95C00322BB9 /* KSSemaphoreController.swift in Sources */ = {isa = PBXBuildFile; fileRef = E6ACF440245AB95C00322BB9 /* KSSemaphoreController.swift */; };
		E6D0EE7A2458187600C35F24 /* KSConstValue.swift in Sources */ = {isa = PBXBuildFile; fileRef = E6D0EE792458187600C35F24 /* KSConstValue.swift */; };
		E6D0EE81245818FC00C35F24 /* KSBaseController.m in Sources */ = {isa = PBXBuildFile; fileRef = E6D0EE80245818FC00C35F24 /* KSBaseController.m */; };
		E6D0EE8824581E9200C35F24 /* KSLoadController.m in Sources */ = {isa = PBXBuildFile; fileRef = E6D0EE8724581E9200C35F24 /* KSLoadController.m */; };
		E6D0EE902458244400C35F24 /* KSResponderChainController.m in Sources */ = {isa = PBXBuildFile; fileRef = E6D0EE8F2458244400C35F24 /* KSResponderChainController.m */; };
		E6D0EE9424582F7200C35F24 /* ResponderChain.jpg in Resources */ = {isa = PBXBuildFile; fileRef = E6D0EE9324582F7200C35F24 /* ResponderChain.jpg */; };
		E6DCC4C124540921004092FC /* UIButton+KSExtensions.swift in Sources */ = {isa = PBXBuildFile; fileRef = E6DCC4BB24540920004092FC /* UIButton+KSExtensions.swift */; };
		E6DCC4C224540921004092FC /* UIViewController+KSExtensions.swift in Sources */ = {isa = PBXBuildFile; fileRef = E6DCC4BC24540920004092FC /* UIViewController+KSExtensions.swift */; };
		E6DCC4C324540921004092FC /* NSObject+KSExtensions.swift in Sources */ = {isa = PBXBuildFile; fileRef = E6DCC4BD24540920004092FC /* NSObject+KSExtensions.swift */; };
		E6DCC4C424540921004092FC /* UIImage+KSExtensions.swift in Sources */ = {isa = PBXBuildFile; fileRef = E6DCC4BE24540920004092FC /* UIImage+KSExtensions.swift */; };
		E6DCC4C524540921004092FC /* UILabel+KSExtensions.swift in Sources */ = {isa = PBXBuildFile; fileRef = E6DCC4BF24540921004092FC /* UILabel+KSExtensions.swift */; };
		E6DCC4C624540921004092FC /* NSDecimalNumber+KSExtensions.swift in Sources */ = {isa = PBXBuildFile; fileRef = E6DCC4C024540921004092FC /* NSDecimalNumber+KSExtensions.swift */; };
		E6DCC4CC24540B67004092FC /* CGFloat+KSExtensions.swift in Sources */ = {isa = PBXBuildFile; fileRef = E6DCC4C724540B65004092FC /* CGFloat+KSExtensions.swift */; };
		E6DCC4CD24540B67004092FC /* Double+KSExtensions.swift in Sources */ = {isa = PBXBuildFile; fileRef = E6DCC4C824540B66004092FC /* Double+KSExtensions.swift */; };
		E6DCC4CE24540B67004092FC /* String+KSExtensions.swift in Sources */ = {isa = PBXBuildFile; fileRef = E6DCC4C924540B66004092FC /* String+KSExtensions.swift */; };
		E6DCC4CF24540B67004092FC /* Date+KSExtensions.swift in Sources */ = {isa = PBXBuildFile; fileRef = E6DCC4CA24540B66004092FC /* Date+KSExtensions.swift */; };
		E6DCC4D024540B67004092FC /* UIColor+KSExtensions.swift in Sources */ = {isa = PBXBuildFile; fileRef = E6DCC4CB24540B66004092FC /* UIColor+KSExtensions.swift */; };
		E6DCC4D524541BD1004092FC /* KSLockController.m in Sources */ = {isa = PBXBuildFile; fileRef = E6DCC4D424541BD1004092FC /* KSLockController.m */; };
/* End PBXBuildFile section */

/* Begin PBXFileReference section */
		E604856C2452B4F30070A045 /* iOSInterview.app */ = {isa = PBXFileReference; explicitFileType = wrapper.application; includeInIndex = 0; path = iOSInterview.app; sourceTree = BUILT_PRODUCTS_DIR; };
		E604856F2452B4F30070A045 /* AppDelegate.swift */ = {isa = PBXFileReference; lastKnownFileType = sourcecode.swift; path = AppDelegate.swift; sourceTree = "<group>"; };
		E60485712452B4F30070A045 /* ViewController.swift */ = {isa = PBXFileReference; lastKnownFileType = sourcecode.swift; path = ViewController.swift; sourceTree = "<group>"; };
		E60485742452B4F30070A045 /* Base */ = {isa = PBXFileReference; lastKnownFileType = file.storyboard; name = Base; path = Base.lproj/Main.storyboard; sourceTree = "<group>"; };
		E60485762452B4F30070A045 /* Assets.xcassets */ = {isa = PBXFileReference; lastKnownFileType = folder.assetcatalog; path = Assets.xcassets; sourceTree = "<group>"; };
		E60485792452B4F30070A045 /* Base */ = {isa = PBXFileReference; lastKnownFileType = file.storyboard; name = Base; path = Base.lproj/LaunchScreen.storyboard; sourceTree = "<group>"; };
		E604857B2452B4F30070A045 /* Info.plist */ = {isa = PBXFileReference; lastKnownFileType = text.plist.xml; path = Info.plist; sourceTree = "<group>"; };
		E61FCC782457CB2900E87D56 /* KSKVOController.h */ = {isa = PBXFileReference; lastKnownFileType = sourcecode.c.h; path = KSKVOController.h; sourceTree = "<group>"; };
		E61FCC792457CB2900E87D56 /* KSKVOController.m */ = {isa = PBXFileReference; lastKnownFileType = sourcecode.c.objc; path = KSKVOController.m; sourceTree = "<group>"; };
		E61FCC812457FEDC00E87D56 /* KSMainCollectionViewCell.swift */ = {isa = PBXFileReference; lastKnownFileType = sourcecode.swift; path = KSMainCollectionViewCell.swift; sourceTree = "<group>"; };
		E61FCC83245801E500E87D56 /* KSMainViewData.swift */ = {isa = PBXFileReference; lastKnownFileType = sourcecode.swift; path = KSMainViewData.swift; sourceTree = "<group>"; };
		E61FCC852458025600E87D56 /* KSFunctionPage.swift */ = {isa = PBXFileReference; lastKnownFileType = sourcecode.swift; path = KSFunctionPage.swift; sourceTree = "<group>"; };
		E64BB8AA2452B70B008D7DB5 /* KSBaseViewController.swift */ = {isa = PBXFileReference; lastKnownFileType = sourcecode.swift; path = KSBaseViewController.swift; sourceTree = "<group>"; };
		E64BB8B22452BA73008D7DB5 /* iOSInterview-Bridging-Header.h */ = {isa = PBXFileReference; lastKnownFileType = sourcecode.c.h; path = "iOSInterview-Bridging-Header.h"; sourceTree = "<group>"; };
		E64BB8B62452BB2B008D7DB5 /* KSRunloopController.h */ = {isa = PBXFileReference; lastKnownFileType = sourcecode.c.h; path = KSRunloopController.h; sourceTree = "<group>"; };
		E64BB8B72452BB2B008D7DB5 /* KSRunloopController.m */ = {isa = PBXFileReference; lastKnownFileType = sourcecode.c.objc; path = KSRunloopController.m; sourceTree = "<group>"; };
		E64BB8BC2452BB83008D7DB5 /* UIViewController+KSCategory.h */ = {isa = PBXFileReference; lastKnownFileType = sourcecode.c.h; path = "UIViewController+KSCategory.h"; sourceTree = "<group>"; };
		E64BB8BD2452BB83008D7DB5 /* UIViewController+KSCategory.m */ = {isa = PBXFileReference; lastKnownFileType = sourcecode.c.objc; path = "UIViewController+KSCategory.m"; sourceTree = "<group>"; };
		E64BB8BF2452BBCE008D7DB5 /* README.md */ = {isa = PBXFileReference; lastKnownFileType = net.daringfireball.markdown; path = README.md; sourceTree = "<group>"; };
		E64BB8C02452BBF7008D7DB5 /* UIViewController+KSExtension.h */ = {isa = PBXFileReference; lastKnownFileType = sourcecode.c.h; path = "UIViewController+KSExtension.h"; sourceTree = "<group>"; };
		E64BB8C12452BC12008D7DB5 /* README.md */ = {isa = PBXFileReference; lastKnownFileType = net.daringfireball.markdown; path = README.md; sourceTree = "<group>"; };
		E64BB8C22452BC4B008D7DB5 /* README.md */ = {isa = PBXFileReference; lastKnownFileType = net.daringfireball.markdown; path = README.md; sourceTree = "<group>"; };
		E64BB8C32452BD28008D7DB5 /* README.md */ = {isa = PBXFileReference; lastKnownFileType = net.daringfireball.markdown; path = README.md; sourceTree = "<group>"; };
		E64BB8C42452BF35008D7DB5 /* README.md */ = {isa = PBXFileReference; lastKnownFileType = net.daringfireball.markdown; path = README.md; sourceTree = "<group>"; };
		E64BB8C92452C293008D7DB5 /* KSDispatchGroupController.swift */ = {isa = PBXFileReference; lastKnownFileType = sourcecode.swift; path = KSDispatchGroupController.swift; sourceTree = "<group>"; };
		E64BB8CC2452C39C008D7DB5 /* KSLog.swift */ = {isa = PBXFileReference; lastKnownFileType = sourcecode.swift; path = KSLog.swift; sourceTree = "<group>"; };
		E64BB8CE2452C444008D7DB5 /* README.md */ = {isa = PBXFileReference; lastKnownFileType = net.daringfireball.markdown; path = README.md; sourceTree = "<group>"; };
		E64BB8D32452C895008D7DB5 /* DispatchGroup.md */ = {isa = PBXFileReference; lastKnownFileType = net.daringfireball.markdown; path = DispatchGroup.md; sourceTree = "<group>"; };
		E64BB8D42452C905008D7DB5 /* KSDispatchGroupcController.h */ = {isa = PBXFileReference; lastKnownFileType = sourcecode.c.h; path = KSDispatchGroupcController.h; sourceTree = "<group>"; };
		E64BB8D52452C905008D7DB5 /* KSDispatchGroupcController.m */ = {isa = PBXFileReference; lastKnownFileType = sourcecode.c.objc; path = KSDispatchGroupcController.m; sourceTree = "<group>"; };
		E655E00A2452F09F00FA359B /* KSKeychainController.h */ = {isa = PBXFileReference; lastKnownFileType = sourcecode.c.h; path = KSKeychainController.h; sourceTree = "<group>"; };
		E655E00B2452F09F00FA359B /* KSKeychainController.m */ = {isa = PBXFileReference; lastKnownFileType = sourcecode.c.objc; path = KSKeychainController.m; sourceTree = "<group>"; };
		E655E00F2452F13000FA359B /* KSKeychain.h */ = {isa = PBXFileReference; lastKnownFileType = sourcecode.c.h; path = KSKeychain.h; sourceTree = "<group>"; };
		E655E0102452F13000FA359B /* KSKeychain.m */ = {isa = PBXFileReference; lastKnownFileType = sourcecode.c.objc; path = KSKeychain.m; sourceTree = "<group>"; };
		E655E0162452FCC300FA359B /* KSSandboxController.h */ = {isa = PBXFileReference; lastKnownFileType = sourcecode.c.h; path = KSSandboxController.h; sourceTree = "<group>"; };
		E655E0172452FCC300FA359B /* KSSandboxController.m */ = {isa = PBXFileReference; lastKnownFileType = sourcecode.c.objc; path = KSSandboxController.m; sourceTree = "<group>"; };
		E655E01B2452FFE500FA359B /* KSUser.h */ = {isa = PBXFileReference; lastKnownFileType = sourcecode.c.h; path = KSUser.h; sourceTree = "<group>"; };
		E655E01C2452FFE500FA359B /* KSUser.m */ = {isa = PBXFileReference; lastKnownFileType = sourcecode.c.objc; path = KSUser.m; sourceTree = "<group>"; };
		E655E0262453049A00FA359B /* KSReflection.h */ = {isa = PBXFileReference; lastKnownFileType = sourcecode.c.h; path = KSReflection.h; sourceTree = "<group>"; };
		E655E0272453049A00FA359B /* KSReflection.m */ = {isa = PBXFileReference; lastKnownFileType = sourcecode.c.objc; path = KSReflection.m; sourceTree = "<group>"; };
		E67D37242456B1AA00174D75 /* KSMemoryController.h */ = {isa = PBXFileReference; lastKnownFileType = sourcecode.c.h; path = KSMemoryController.h; sourceTree = "<group>"; };
		E67D37252456B1AA00174D75 /* KSMemoryController.m */ = {isa = PBXFileReference; lastKnownFileType = sourcecode.c.objc; path = KSMemoryController.m; sourceTree = "<group>"; };
		E67D37272456B1C200174D75 /* README.md */ = {isa = PBXFileReference; lastKnownFileType = net.daringfireball.markdown; path = README.md; sourceTree = "<group>"; };
		E67D37542456C93900174D75 /* KSAssignController.h */ = {isa = PBXFileReference; lastKnownFileType = sourcecode.c.h; path = KSAssignController.h; sourceTree = "<group>"; };
		E67D37552456C93900174D75 /* KSAssignController.m */ = {isa = PBXFileReference; lastKnownFileType = sourcecode.c.objc; path = KSAssignController.m; sourceTree = "<group>"; };
		E67D375B2456F85E00174D75 /* KSBarrierController.h */ = {isa = PBXFileReference; lastKnownFileType = sourcecode.c.h; path = KSBarrierController.h; sourceTree = "<group>"; };
		E67D375C2456F85E00174D75 /* KSBarrierController.m */ = {isa = PBXFileReference; lastKnownFileType = sourcecode.c.objc; path = KSBarrierController.m; sourceTree = "<group>"; };
		E67D375E2456F86E00174D75 /* README.md */ = {isa = PBXFileReference; lastKnownFileType = net.daringfireball.markdown; path = README.md; sourceTree = "<group>"; };
		E6ACF438245A7C6100322BB9 /* KSCopyController.h */ = {isa = PBXFileReference; lastKnownFileType = sourcecode.c.h; path = KSCopyController.h; sourceTree = "<group>"; };
		E6ACF439245A7C6100322BB9 /* KSCopyController.m */ = {isa = PBXFileReference; lastKnownFileType = sourcecode.c.objc; path = KSCopyController.m; sourceTree = "<group>"; };
		E6ACF43B245A991D00322BB9 /* README.md */ = {isa = PBXFileReference; lastKnownFileType = net.daringfireball.markdown; path = README.md; sourceTree = "<group>"; };
		E6ACF440245AB95C00322BB9 /* KSSemaphoreController.swift */ = {isa = PBXFileReference; lastKnownFileType = sourcecode.swift; path = KSSemaphoreController.swift; sourceTree = "<group>"; };
		E6D0EE772458119400C35F24 /* KSGlobalImport.pch */ = {isa = PBXFileReference; lastKnownFileType = sourcecode.c.h; path = KSGlobalImport.pch; sourceTree = "<group>"; };
		E6D0EE792458187600C35F24 /* KSConstValue.swift */ = {isa = PBXFileReference; fileEncoding = 4; lastKnownFileType = sourcecode.swift; path = KSConstValue.swift; sourceTree = "<group>"; };
		E6D0EE7F245818FC00C35F24 /* KSBaseController.h */ = {isa = PBXFileReference; lastKnownFileType = sourcecode.c.h; path = KSBaseController.h; sourceTree = "<group>"; };
		E6D0EE80245818FC00C35F24 /* KSBaseController.m */ = {isa = PBXFileReference; lastKnownFileType = sourcecode.c.objc; path = KSBaseController.m; sourceTree = "<group>"; };
		E6D0EE8624581E9200C35F24 /* KSLoadController.h */ = {isa = PBXFileReference; lastKnownFileType = sourcecode.c.h; path = KSLoadController.h; sourceTree = "<group>"; };
		E6D0EE8724581E9200C35F24 /* KSLoadController.m */ = {isa = PBXFileReference; lastKnownFileType = sourcecode.c.objc; path = KSLoadController.m; sourceTree = "<group>"; };
		E6D0EE892458218300C35F24 /* README.md */ = {isa = PBXFileReference; lastKnownFileType = net.daringfireball.markdown; path = README.md; sourceTree = "<group>"; };
		E6D0EE8E2458244400C35F24 /* KSResponderChainController.h */ = {isa = PBXFileReference; lastKnownFileType = sourcecode.c.h; path = KSResponderChainController.h; sourceTree = "<group>"; };
		E6D0EE8F2458244400C35F24 /* KSResponderChainController.m */ = {isa = PBXFileReference; lastKnownFileType = sourcecode.c.objc; path = KSResponderChainController.m; sourceTree = "<group>"; };
		E6D0EE9224582F1E00C35F24 /* README.md */ = {isa = PBXFileReference; lastKnownFileType = net.daringfireball.markdown; path = README.md; sourceTree = "<group>"; };
		E6D0EE9324582F7200C35F24 /* ResponderChain.jpg */ = {isa = PBXFileReference; lastKnownFileType = image.jpeg; path = ResponderChain.jpg; sourceTree = "<group>"; };
		E6DCC4BB24540920004092FC /* UIButton+KSExtensions.swift */ = {isa = PBXFileReference; fileEncoding = 4; lastKnownFileType = sourcecode.swift; path = "UIButton+KSExtensions.swift"; sourceTree = "<group>"; };
		E6DCC4BC24540920004092FC /* UIViewController+KSExtensions.swift */ = {isa = PBXFileReference; fileEncoding = 4; lastKnownFileType = sourcecode.swift; path = "UIViewController+KSExtensions.swift"; sourceTree = "<group>"; };
		E6DCC4BD24540920004092FC /* NSObject+KSExtensions.swift */ = {isa = PBXFileReference; fileEncoding = 4; lastKnownFileType = sourcecode.swift; path = "NSObject+KSExtensions.swift"; sourceTree = "<group>"; };
		E6DCC4BE24540920004092FC /* UIImage+KSExtensions.swift */ = {isa = PBXFileReference; fileEncoding = 4; lastKnownFileType = sourcecode.swift; path = "UIImage+KSExtensions.swift"; sourceTree = "<group>"; };
		E6DCC4BF24540921004092FC /* UILabel+KSExtensions.swift */ = {isa = PBXFileReference; fileEncoding = 4; lastKnownFileType = sourcecode.swift; path = "UILabel+KSExtensions.swift"; sourceTree = "<group>"; };
		E6DCC4C024540921004092FC /* NSDecimalNumber+KSExtensions.swift */ = {isa = PBXFileReference; fileEncoding = 4; lastKnownFileType = sourcecode.swift; path = "NSDecimalNumber+KSExtensions.swift"; sourceTree = "<group>"; };
		E6DCC4C724540B65004092FC /* CGFloat+KSExtensions.swift */ = {isa = PBXFileReference; fileEncoding = 4; lastKnownFileType = sourcecode.swift; path = "CGFloat+KSExtensions.swift"; sourceTree = "<group>"; };
		E6DCC4C824540B66004092FC /* Double+KSExtensions.swift */ = {isa = PBXFileReference; fileEncoding = 4; lastKnownFileType = sourcecode.swift; path = "Double+KSExtensions.swift"; sourceTree = "<group>"; };
		E6DCC4C924540B66004092FC /* String+KSExtensions.swift */ = {isa = PBXFileReference; fileEncoding = 4; lastKnownFileType = sourcecode.swift; path = "String+KSExtensions.swift"; sourceTree = "<group>"; };
		E6DCC4CA24540B66004092FC /* Date+KSExtensions.swift */ = {isa = PBXFileReference; fileEncoding = 4; lastKnownFileType = sourcecode.swift; path = "Date+KSExtensions.swift"; sourceTree = "<group>"; };
		E6DCC4CB24540B66004092FC /* UIColor+KSExtensions.swift */ = {isa = PBXFileReference; fileEncoding = 4; lastKnownFileType = sourcecode.swift; path = "UIColor+KSExtensions.swift"; sourceTree = "<group>"; };
		E6DCC4D324541BD1004092FC /* KSLockController.h */ = {isa = PBXFileReference; lastKnownFileType = sourcecode.c.h; path = KSLockController.h; sourceTree = "<group>"; };
		E6DCC4D424541BD1004092FC /* KSLockController.m */ = {isa = PBXFileReference; lastKnownFileType = sourcecode.c.objc; path = KSLockController.m; sourceTree = "<group>"; };
/* End PBXFileReference section */

/* Begin PBXFrameworksBuildPhase section */
		E60485692452B4F30070A045 /* Frameworks */ = {
			isa = PBXFrameworksBuildPhase;
			buildActionMask = 2147483647;
			files = (
			);
			runOnlyForDeploymentPostprocessing = 0;
		};
/* End PBXFrameworksBuildPhase section */

/* Begin PBXGroup section */
		E60485632452B4F30070A045 = {
			isa = PBXGroup;
			children = (
				E604856E2452B4F30070A045 /* iOSInterview */,
				E604856D2452B4F30070A045 /* Products */,
			);
			sourceTree = "<group>";
		};
		E604856D2452B4F30070A045 /* Products */ = {
			isa = PBXGroup;
			children = (
				E604856C2452B4F30070A045 /* iOSInterview.app */,
			);
			name = Products;
			sourceTree = "<group>";
		};
		E604856E2452B4F30070A045 /* iOSInterview */ = {
			isa = PBXGroup;
			children = (
				E64BB8952452B575008D7DB5 /* Scripts */,
				E60485732452B4F30070A045 /* Main.storyboard */,
				E60485762452B4F30070A045 /* Assets.xcassets */,
				E60485782452B4F30070A045 /* LaunchScreen.storyboard */,
				E604857B2452B4F30070A045 /* Info.plist */,
			);
			path = iOSInterview;
			sourceTree = "<group>";
		};
		E61FCC742457CB1100E87D56 /* KVO */ = {
			isa = PBXGroup;
			children = (
				E61FCC752457CB1100E87D56 /* Controller */,
				E61FCC762457CB1100E87D56 /* Model */,
				E61FCC772457CB1100E87D56 /* View */,
			);
			path = KVO;
			sourceTree = "<group>";
		};
		E61FCC752457CB1100E87D56 /* Controller */ = {
			isa = PBXGroup;
			children = (
				E61FCC782457CB2900E87D56 /* KSKVOController.h */,
				E61FCC792457CB2900E87D56 /* KSKVOController.m */,
			);
			path = Controller;
			sourceTree = "<group>";
		};
		E61FCC762457CB1100E87D56 /* Model */ = {
			isa = PBXGroup;
			children = (
			);
			path = Model;
			sourceTree = "<group>";
		};
		E61FCC772457CB1100E87D56 /* View */ = {
			isa = PBXGroup;
			children = (
			);
			path = View;
			sourceTree = "<group>";
		};
		E61FCC7B2457FE3100E87D56 /* ViewModel */ = {
			isa = PBXGroup;
			children = (
				E61FCC83245801E500E87D56 /* KSMainViewData.swift */,
			);
			path = ViewModel;
			sourceTree = "<group>";
		};
		E61FCC7F2457FEB800E87D56 /* View */ = {
			isa = PBXGroup;
			children = (
			);
			path = View;
			sourceTree = "<group>";
		};
		E61FCC802457FEC100E87D56 /* Cell */ = {
			isa = PBXGroup;
			children = (
				E61FCC812457FEDC00E87D56 /* KSMainCollectionViewCell.swift */,
			);
			path = Cell;
			sourceTree = "<group>";
		};
		E64BB8952452B575008D7DB5 /* Scripts */ = {
			isa = PBXGroup;
			children = (
				E64BB8B02452B8E6008D7DB5 /* OC */,
				E64BB8982452B58C008D7DB5 /* Main */,
				E64BB8972452B586008D7DB5 /* Classes */,
				E64BB8962452B580008D7DB5 /* Custom */,
			);
			path = Scripts;
			sourceTree = "<group>";
		};
		E64BB8962452B580008D7DB5 /* Custom */ = {
			isa = PBXGroup;
			children = (
				E6D0EE782458187600C35F24 /* Const */,
				E64BB8CB2452C372008D7DB5 /* Tools */,
				E64BB8A42452B604008D7DB5 /* Extension */,
			);
			path = Custom;
			sourceTree = "<group>";
		};
		E64BB8972452B586008D7DB5 /* Classes */ = {
			isa = PBXGroup;
			children = (
				E6ACF43C245AB94200322BB9 /* Semaphore */,
				E64BB8C52452C26E008D7DB5 /* GCD */,
				E64BB8A62452B6F7008D7DB5 /* BaseClass */,
			);
			path = Classes;
			sourceTree = "<group>";
		};
		E64BB8982452B58C008D7DB5 /* Main */ = {
			isa = PBXGroup;
			children = (
				E61FCC802457FEC100E87D56 /* Cell */,
				E61FCC7F2457FEB800E87D56 /* View */,
				E61FCC7B2457FE3100E87D56 /* ViewModel */,
				E6DCC4BA24540689004092FC /* Model */,
				E64BB89A2452B59B008D7DB5 /* Controller */,
				E64BB8992452B595008D7DB5 /* AppDelegate */,
			);
			path = Main;
			sourceTree = "<group>";
		};
		E64BB8992452B595008D7DB5 /* AppDelegate */ = {
			isa = PBXGroup;
			children = (
				E604856F2452B4F30070A045 /* AppDelegate.swift */,
			);
			path = AppDelegate;
			sourceTree = "<group>";
		};
		E64BB89A2452B59B008D7DB5 /* Controller */ = {
			isa = PBXGroup;
			children = (
				E60485712452B4F30070A045 /* ViewController.swift */,
			);
			path = Controller;
			sourceTree = "<group>";
		};
		E64BB89B2452B5DC008D7DB5 /* ISA */ = {
			isa = PBXGroup;
			children = (
				E64BB89C2452B5DC008D7DB5 /* Controller */,
				E64BB89D2452B5DC008D7DB5 /* Model */,
				E64BB89E2452B5DC008D7DB5 /* View */,
				E64BB8C22452BC4B008D7DB5 /* README.md */,
			);
			path = ISA;
			sourceTree = "<group>";
		};
		E64BB89C2452B5DC008D7DB5 /* Controller */ = {
			isa = PBXGroup;
			children = (
			);
			path = Controller;
			sourceTree = "<group>";
		};
		E64BB89D2452B5DC008D7DB5 /* Model */ = {
			isa = PBXGroup;
			children = (
			);
			path = Model;
			sourceTree = "<group>";
		};
		E64BB89E2452B5DC008D7DB5 /* View */ = {
			isa = PBXGroup;
			children = (
			);
			path = View;
			sourceTree = "<group>";
		};
		E64BB8A02452B5F7008D7DB5 /* Runloop */ = {
			isa = PBXGroup;
			children = (
				E64BB8A12452B5F7008D7DB5 /* Controller */,
				E64BB8A22452B5F7008D7DB5 /* Model */,
				E64BB8A32452B5F7008D7DB5 /* View */,
				E64BB8C42452BF35008D7DB5 /* README.md */,
			);
			path = Runloop;
			sourceTree = "<group>";
		};
		E64BB8A12452B5F7008D7DB5 /* Controller */ = {
			isa = PBXGroup;
			children = (
				E64BB8B62452BB2B008D7DB5 /* KSRunloopController.h */,
				E64BB8B72452BB2B008D7DB5 /* KSRunloopController.m */,
			);
			path = Controller;
			sourceTree = "<group>";
		};
		E64BB8A22452B5F7008D7DB5 /* Model */ = {
			isa = PBXGroup;
			children = (
			);
			path = Model;
			sourceTree = "<group>";
		};
		E64BB8A32452B5F7008D7DB5 /* View */ = {
			isa = PBXGroup;
			children = (
			);
			path = View;
			sourceTree = "<group>";
		};
		E64BB8A42452B604008D7DB5 /* Extension */ = {
			isa = PBXGroup;
			children = (
				E6DCC4C724540B65004092FC /* CGFloat+KSExtensions.swift */,
				E6DCC4CA24540B66004092FC /* Date+KSExtensions.swift */,
				E6DCC4C824540B66004092FC /* Double+KSExtensions.swift */,
				E6DCC4C924540B66004092FC /* String+KSExtensions.swift */,
				E6DCC4CB24540B66004092FC /* UIColor+KSExtensions.swift */,
				E6DCC4C024540921004092FC /* NSDecimalNumber+KSExtensions.swift */,
				E6DCC4BD24540920004092FC /* NSObject+KSExtensions.swift */,
				E6DCC4BB24540920004092FC /* UIButton+KSExtensions.swift */,
				E6DCC4BE24540920004092FC /* UIImage+KSExtensions.swift */,
				E6DCC4BF24540921004092FC /* UILabel+KSExtensions.swift */,
				E6DCC4BC24540920004092FC /* UIViewController+KSExtensions.swift */,
				E64BB8C32452BD28008D7DB5 /* README.md */,
			);
			path = Extension;
			sourceTree = "<group>";
		};
		E64BB8A62452B6F7008D7DB5 /* BaseClass */ = {
			isa = PBXGroup;
			children = (
				E64BB8A72452B6F7008D7DB5 /* Controller */,
				E64BB8A82452B6F7008D7DB5 /* Model */,
				E64BB8A92452B6F7008D7DB5 /* View */,
			);
			path = BaseClass;
			sourceTree = "<group>";
		};
		E64BB8A72452B6F7008D7DB5 /* Controller */ = {
			isa = PBXGroup;
			children = (
				E64BB8AA2452B70B008D7DB5 /* KSBaseViewController.swift */,
			);
			path = Controller;
			sourceTree = "<group>";
		};
		E64BB8A82452B6F7008D7DB5 /* Model */ = {
			isa = PBXGroup;
			children = (
			);
			path = Model;
			sourceTree = "<group>";
		};
		E64BB8A92452B6F7008D7DB5 /* View */ = {
			isa = PBXGroup;
			children = (
			);
			path = View;
			sourceTree = "<group>";
		};
		E64BB8B02452B8E6008D7DB5 /* OC */ = {
			isa = PBXGroup;
			children = (
				E64BB8B92452BB44008D7DB5 /* Custom */,
				E64BB8B12452B8F5008D7DB5 /* Classes */,
				E64BB8B22452BA73008D7DB5 /* iOSInterview-Bridging-Header.h */,
				E6D0EE772458119400C35F24 /* KSGlobalImport.pch */,
			);
			path = OC;
			sourceTree = "<group>";
		};
		E64BB8B12452B8F5008D7DB5 /* Classes */ = {
			isa = PBXGroup;
			children = (
				E6ACF434245A7C3E00322BB9 /* Copy */,
				E6D0EE8A2458243300C35F24 /* ResponderChain */,
				E6D0EE8224581E7E00C35F24 /* Load */,
				E6D0EE7B245818DC00C35F24 /* BaseClass */,
				E61FCC742457CB1100E87D56 /* KVO */,
				E67D37572456F84F00174D75 /* Barrier */,
				E67D37502456C90D00174D75 /* Assign */,
				E67D37202456B19100174D75 /* Memory */,
				E6DCC4D12454164E004092FC /* Lock */,
				E655E0122452FCAE00FA359B /* Sandbox */,
				E655E0062452F08400FA359B /* Keychain */,
				E64BB8CF2452C70F008D7DB5 /* GCD */,
				E64BB89B2452B5DC008D7DB5 /* ISA */,
				E64BB8A02452B5F7008D7DB5 /* Runloop */,
			);
			path = Classes;
			sourceTree = "<group>";
		};
		E64BB8B92452BB44008D7DB5 /* Custom */ = {
			isa = PBXGroup;
			children = (
				E655E0192452FFC900FA359B /* Currency */,
				E655E00D2452F10D00FA359B /* Tools */,
				E64BB8BA2452BB58008D7DB5 /* Category */,
				E64BB8BB2452BB5E008D7DB5 /* Extension */,
			);
			path = Custom;
			sourceTree = "<group>";
		};
		E64BB8BA2452BB58008D7DB5 /* Category */ = {
			isa = PBXGroup;
			children = (
				E64BB8BC2452BB83008D7DB5 /* UIViewController+KSCategory.h */,
				E64BB8BD2452BB83008D7DB5 /* UIViewController+KSCategory.m */,
				E64BB8BF2452BBCE008D7DB5 /* README.md */,
			);
			path = Category;
			sourceTree = "<group>";
		};
		E64BB8BB2452BB5E008D7DB5 /* Extension */ = {
			isa = PBXGroup;
			children = (
				E64BB8C02452BBF7008D7DB5 /* UIViewController+KSExtension.h */,
				E64BB8C12452BC12008D7DB5 /* README.md */,
			);
			path = Extension;
			sourceTree = "<group>";
		};
		E64BB8C52452C26E008D7DB5 /* GCD */ = {
			isa = PBXGroup;
			children = (
				E64BB8C62452C26E008D7DB5 /* Controller */,
				E64BB8C72452C26E008D7DB5 /* Model */,
				E64BB8C82452C26E008D7DB5 /* View */,
				E64BB8CE2452C444008D7DB5 /* README.md */,
				E64BB8D32452C895008D7DB5 /* DispatchGroup.md */,
			);
			path = GCD;
			sourceTree = "<group>";
		};
		E64BB8C62452C26E008D7DB5 /* Controller */ = {
			isa = PBXGroup;
			children = (
				E64BB8C92452C293008D7DB5 /* KSDispatchGroupController.swift */,
			);
			path = Controller;
			sourceTree = "<group>";
		};
		E64BB8C72452C26E008D7DB5 /* Model */ = {
			isa = PBXGroup;
			children = (
			);
			path = Model;
			sourceTree = "<group>";
		};
		E64BB8C82452C26E008D7DB5 /* View */ = {
			isa = PBXGroup;
			children = (
			);
			path = View;
			sourceTree = "<group>";
		};
		E64BB8CB2452C372008D7DB5 /* Tools */ = {
			isa = PBXGroup;
			children = (
				E64BB8CC2452C39C008D7DB5 /* KSLog.swift */,
			);
			path = Tools;
			sourceTree = "<group>";
		};
		E64BB8CF2452C70F008D7DB5 /* GCD */ = {
			isa = PBXGroup;
			children = (
				E64BB8D02452C70F008D7DB5 /* Controller */,
				E64BB8D12452C70F008D7DB5 /* Model */,
				E64BB8D22452C70F008D7DB5 /* View */,
			);
			path = GCD;
			sourceTree = "<group>";
		};
		E64BB8D02452C70F008D7DB5 /* Controller */ = {
			isa = PBXGroup;
			children = (
				E64BB8D42452C905008D7DB5 /* KSDispatchGroupcController.h */,
				E64BB8D52452C905008D7DB5 /* KSDispatchGroupcController.m */,
			);
			path = Controller;
			sourceTree = "<group>";
		};
		E64BB8D12452C70F008D7DB5 /* Model */ = {
			isa = PBXGroup;
			children = (
			);
			path = Model;
			sourceTree = "<group>";
		};
		E64BB8D22452C70F008D7DB5 /* View */ = {
			isa = PBXGroup;
			children = (
			);
			path = View;
			sourceTree = "<group>";
		};
		E655E0062452F08400FA359B /* Keychain */ = {
			isa = PBXGroup;
			children = (
				E655E0072452F08400FA359B /* Controller */,
				E655E0082452F08400FA359B /* Model */,
				E655E0092452F08400FA359B /* View */,
			);
			path = Keychain;
			sourceTree = "<group>";
		};
		E655E0072452F08400FA359B /* Controller */ = {
			isa = PBXGroup;
			children = (
				E655E00A2452F09F00FA359B /* KSKeychainController.h */,
				E655E00B2452F09F00FA359B /* KSKeychainController.m */,
			);
			path = Controller;
			sourceTree = "<group>";
		};
		E655E0082452F08400FA359B /* Model */ = {
			isa = PBXGroup;
			children = (
			);
			path = Model;
			sourceTree = "<group>";
		};
		E655E0092452F08400FA359B /* View */ = {
			isa = PBXGroup;
			children = (
			);
			path = View;
			sourceTree = "<group>";
		};
		E655E00D2452F10D00FA359B /* Tools */ = {
			isa = PBXGroup;
			children = (
				E655E0252453048600FA359B /* Reflection */,
				E655E00E2452F12200FA359B /* Keychain */,
			);
			path = Tools;
			sourceTree = "<group>";
		};
		E655E00E2452F12200FA359B /* Keychain */ = {
			isa = PBXGroup;
			children = (
				E655E00F2452F13000FA359B /* KSKeychain.h */,
				E655E0102452F13000FA359B /* KSKeychain.m */,
			);
			path = Keychain;
			sourceTree = "<group>";
		};
		E655E0122452FCAE00FA359B /* Sandbox */ = {
			isa = PBXGroup;
			children = (
				E655E0132452FCAE00FA359B /* Controller */,
				E655E0142452FCAE00FA359B /* Model */,
				E655E0152452FCAE00FA359B /* View */,
			);
			path = Sandbox;
			sourceTree = "<group>";
		};
		E655E0132452FCAE00FA359B /* Controller */ = {
			isa = PBXGroup;
			children = (
				E655E0162452FCC300FA359B /* KSSandboxController.h */,
				E655E0172452FCC300FA359B /* KSSandboxController.m */,
			);
			path = Controller;
			sourceTree = "<group>";
		};
		E655E0142452FCAE00FA359B /* Model */ = {
			isa = PBXGroup;
			children = (
			);
			path = Model;
			sourceTree = "<group>";
		};
		E655E0152452FCAE00FA359B /* View */ = {
			isa = PBXGroup;
			children = (
			);
			path = View;
			sourceTree = "<group>";
		};
		E655E0192452FFC900FA359B /* Currency */ = {
			isa = PBXGroup;
			children = (
				E655E01A2452FFD100FA359B /* Model */,
			);
			path = Currency;
			sourceTree = "<group>";
		};
		E655E01A2452FFD100FA359B /* Model */ = {
			isa = PBXGroup;
			children = (
				E655E01B2452FFE500FA359B /* KSUser.h */,
				E655E01C2452FFE500FA359B /* KSUser.m */,
			);
			path = Model;
			sourceTree = "<group>";
		};
		E655E0252453048600FA359B /* Reflection */ = {
			isa = PBXGroup;
			children = (
				E655E0262453049A00FA359B /* KSReflection.h */,
				E655E0272453049A00FA359B /* KSReflection.m */,
			);
			path = Reflection;
			sourceTree = "<group>";
		};
		E67D37202456B19100174D75 /* Memory */ = {
			isa = PBXGroup;
			children = (
				E67D37212456B19100174D75 /* Controller */,
				E67D37222456B19100174D75 /* Model */,
				E67D37232456B19100174D75 /* View */,
				E67D37272456B1C200174D75 /* README.md */,
			);
			path = Memory;
			sourceTree = "<group>";
		};
		E67D37212456B19100174D75 /* Controller */ = {
			isa = PBXGroup;
			children = (
				E67D37242456B1AA00174D75 /* KSMemoryController.h */,
				E67D37252456B1AA00174D75 /* KSMemoryController.m */,
			);
			path = Controller;
			sourceTree = "<group>";
		};
		E67D37222456B19100174D75 /* Model */ = {
			isa = PBXGroup;
			children = (
			);
			path = Model;
			sourceTree = "<group>";
		};
		E67D37232456B19100174D75 /* View */ = {
			isa = PBXGroup;
			children = (
			);
			path = View;
			sourceTree = "<group>";
		};
		E67D37502456C90D00174D75 /* Assign */ = {
			isa = PBXGroup;
			children = (
				E67D37512456C90D00174D75 /* Controller */,
				E67D37522456C90D00174D75 /* Model */,
				E67D37532456C90D00174D75 /* View */,
			);
			path = Assign;
			sourceTree = "<group>";
		};
		E67D37512456C90D00174D75 /* Controller */ = {
			isa = PBXGroup;
			children = (
				E67D37542456C93900174D75 /* KSAssignController.h */,
				E67D37552456C93900174D75 /* KSAssignController.m */,
			);
			path = Controller;
			sourceTree = "<group>";
		};
		E67D37522456C90D00174D75 /* Model */ = {
			isa = PBXGroup;
			children = (
			);
			path = Model;
			sourceTree = "<group>";
		};
		E67D37532456C90D00174D75 /* View */ = {
			isa = PBXGroup;
			children = (
			);
			path = View;
			sourceTree = "<group>";
		};
		E67D37572456F84F00174D75 /* Barrier */ = {
			isa = PBXGroup;
			children = (
				E67D37582456F84F00174D75 /* Controller */,
				E67D37592456F84F00174D75 /* Model */,
				E67D375A2456F84F00174D75 /* View */,
				E67D375E2456F86E00174D75 /* README.md */,
			);
			path = Barrier;
			sourceTree = "<group>";
		};
		E67D37582456F84F00174D75 /* Controller */ = {
			isa = PBXGroup;
			children = (
				E67D375B2456F85E00174D75 /* KSBarrierController.h */,
				E67D375C2456F85E00174D75 /* KSBarrierController.m */,
			);
			path = Controller;
			sourceTree = "<group>";
		};
		E67D37592456F84F00174D75 /* Model */ = {
			isa = PBXGroup;
			children = (
			);
			path = Model;
			sourceTree = "<group>";
		};
		E67D375A2456F84F00174D75 /* View */ = {
			isa = PBXGroup;
			children = (
			);
			path = View;
			sourceTree = "<group>";
		};
		E6ACF434245A7C3E00322BB9 /* Copy */ = {
			isa = PBXGroup;
			children = (
				E6ACF435245A7C3E00322BB9 /* Controller */,
				E6ACF436245A7C3E00322BB9 /* Model */,
				E6ACF437245A7C3E00322BB9 /* View */,
				E6ACF43B245A991D00322BB9 /* README.md */,
			);
			path = Copy;
			sourceTree = "<group>";
		};
		E6ACF435245A7C3E00322BB9 /* Controller */ = {
			isa = PBXGroup;
			children = (
				E6ACF438245A7C6100322BB9 /* KSCopyController.h */,
				E6ACF439245A7C6100322BB9 /* KSCopyController.m */,
			);
			path = Controller;
			sourceTree = "<group>";
		};
		E6ACF436245A7C3E00322BB9 /* Model */ = {
			isa = PBXGroup;
			children = (
			);
			path = Model;
			sourceTree = "<group>";
		};
		E6ACF437245A7C3E00322BB9 /* View */ = {
			isa = PBXGroup;
			children = (
			);
			path = View;
			sourceTree = "<group>";
		};
		E6ACF43C245AB94200322BB9 /* Semaphore */ = {
			isa = PBXGroup;
			children = (
				E6ACF43D245AB94200322BB9 /* Controller */,
				E6ACF43E245AB94200322BB9 /* Model */,
				E6ACF43F245AB94200322BB9 /* View */,
			);
			path = Semaphore;
			sourceTree = "<group>";
		};
		E6ACF43D245AB94200322BB9 /* Controller */ = {
			isa = PBXGroup;
			children = (
				E6ACF440245AB95C00322BB9 /* KSSemaphoreController.swift */,
			);
			path = Controller;
			sourceTree = "<group>";
		};
		E6ACF43E245AB94200322BB9 /* Model */ = {
			isa = PBXGroup;
			children = (
			);
			path = Model;
			sourceTree = "<group>";
		};
		E6ACF43F245AB94200322BB9 /* View */ = {
			isa = PBXGroup;
			children = (
			);
			path = View;
			sourceTree = "<group>";
		};
		E6D0EE782458187600C35F24 /* Const */ = {
			isa = PBXGroup;
			children = (
				E6D0EE792458187600C35F24 /* KSConstValue.swift */,
			);
			path = Const;
			sourceTree = "<group>";
		};
		E6D0EE7B245818DC00C35F24 /* BaseClass */ = {
			isa = PBXGroup;
			children = (
				E6D0EE7C245818DC00C35F24 /* Controller */,
				E6D0EE7D245818DC00C35F24 /* Model */,
				E6D0EE7E245818DC00C35F24 /* View */,
			);
			path = BaseClass;
			sourceTree = "<group>";
		};
		E6D0EE7C245818DC00C35F24 /* Controller */ = {
			isa = PBXGroup;
			children = (
				E6D0EE7F245818FC00C35F24 /* KSBaseController.h */,
				E6D0EE80245818FC00C35F24 /* KSBaseController.m */,
			);
			path = Controller;
			sourceTree = "<group>";
		};
		E6D0EE7D245818DC00C35F24 /* Model */ = {
			isa = PBXGroup;
			children = (
			);
			path = Model;
			sourceTree = "<group>";
		};
		E6D0EE7E245818DC00C35F24 /* View */ = {
			isa = PBXGroup;
			children = (
			);
			path = View;
			sourceTree = "<group>";
		};
		E6D0EE8224581E7E00C35F24 /* Load */ = {
			isa = PBXGroup;
			children = (
				E6D0EE8324581E7E00C35F24 /* Controller */,
				E6D0EE8424581E7E00C35F24 /* Model */,
				E6D0EE8524581E7E00C35F24 /* View */,
				E6D0EE892458218300C35F24 /* README.md */,
			);
			path = Load;
			sourceTree = "<group>";
		};
		E6D0EE8324581E7E00C35F24 /* Controller */ = {
			isa = PBXGroup;
			children = (
				E6D0EE8624581E9200C35F24 /* KSLoadController.h */,
				E6D0EE8724581E9200C35F24 /* KSLoadController.m */,
			);
			path = Controller;
			sourceTree = "<group>";
		};
		E6D0EE8424581E7E00C35F24 /* Model */ = {
			isa = PBXGroup;
			children = (
			);
			path = Model;
			sourceTree = "<group>";
		};
		E6D0EE8524581E7E00C35F24 /* View */ = {
			isa = PBXGroup;
			children = (
			);
			path = View;
			sourceTree = "<group>";
		};
		E6D0EE8A2458243300C35F24 /* ResponderChain */ = {
			isa = PBXGroup;
			children = (
				E6D0EE91245824E300C35F24 /* Photo */,
				E6D0EE8B2458243300C35F24 /* Controller */,
				E6D0EE8C2458243300C35F24 /* Model */,
				E6D0EE8D2458243300C35F24 /* View */,
				E6D0EE9224582F1E00C35F24 /* README.md */,
			);
			path = ResponderChain;
			sourceTree = "<group>";
		};
		E6D0EE8B2458243300C35F24 /* Controller */ = {
			isa = PBXGroup;
			children = (
				E6D0EE8E2458244400C35F24 /* KSResponderChainController.h */,
				E6D0EE8F2458244400C35F24 /* KSResponderChainController.m */,
			);
			path = Controller;
			sourceTree = "<group>";
		};
		E6D0EE8C2458243300C35F24 /* Model */ = {
			isa = PBXGroup;
			children = (
			);
			path = Model;
			sourceTree = "<group>";
		};
		E6D0EE8D2458243300C35F24 /* View */ = {
			isa = PBXGroup;
			children = (
			);
			path = View;
			sourceTree = "<group>";
		};
		E6D0EE91245824E300C35F24 /* Photo */ = {
			isa = PBXGroup;
			children = (
				E6D0EE9324582F7200C35F24 /* ResponderChain.jpg */,
			);
			path = Photo;
			sourceTree = "<group>";
		};
		E6DCC4BA24540689004092FC /* Model */ = {
			isa = PBXGroup;
			children = (
				E61FCC852458025600E87D56 /* KSFunctionPage.swift */,
			);
			path = Model;
			sourceTree = "<group>";
		};
		E6DCC4D12454164E004092FC /* Lock */ = {
			isa = PBXGroup;
			children = (
				E6DCC4D22454164E004092FC /* Controller */,
			);
			path = Lock;
			sourceTree = "<group>";
		};
		E6DCC4D22454164E004092FC /* Controller */ = {
			isa = PBXGroup;
			children = (
				E6DCC4D324541BD1004092FC /* KSLockController.h */,
				E6DCC4D424541BD1004092FC /* KSLockController.m */,
			);
			path = Controller;
			sourceTree = "<group>";
		};
/* End PBXGroup section */

/* Begin PBXNativeTarget section */
		E604856B2452B4F30070A045 /* iOSInterview */ = {
			isa = PBXNativeTarget;
			buildConfigurationList = E604857E2452B4F30070A045 /* Build configuration list for PBXNativeTarget "iOSInterview" */;
			buildPhases = (
				E60485682452B4F30070A045 /* Sources */,
				E60485692452B4F30070A045 /* Frameworks */,
				E604856A2452B4F30070A045 /* Resources */,
			);
			buildRules = (
			);
			dependencies = (
			);
			name = iOSInterview;
			productName = iOSInterview;
			productReference = E604856C2452B4F30070A045 /* iOSInterview.app */;
			productType = "com.apple.product-type.application";
		};
/* End PBXNativeTarget section */

/* Begin PBXProject section */
		E60485642452B4F30070A045 /* Project object */ = {
			isa = PBXProject;
			attributes = {
				CLASSPREFIX = KS;
				LastSwiftUpdateCheck = 0940;
				LastUpgradeCheck = 0940;
				ORGANIZATIONNAME = saeipi;
				TargetAttributes = {
					E604856B2452B4F30070A045 = {
						CreatedOnToolsVersion = 9.4.1;
						LastSwiftMigration = 1100;
					};
				};
			};
			buildConfigurationList = E60485672452B4F30070A045 /* Build configuration list for PBXProject "iOSInterview" */;
			compatibilityVersion = "Xcode 9.3";
			developmentRegion = en;
			hasScannedForEncodings = 0;
			knownRegions = (
				en,
				Base,
			);
			mainGroup = E60485632452B4F30070A045;
			productRefGroup = E604856D2452B4F30070A045 /* Products */;
			projectDirPath = "";
			projectRoot = "";
			targets = (
				E604856B2452B4F30070A045 /* iOSInterview */,
			);
		};
/* End PBXProject section */

/* Begin PBXResourcesBuildPhase section */
		E604856A2452B4F30070A045 /* Resources */ = {
			isa = PBXResourcesBuildPhase;
			buildActionMask = 2147483647;
			files = (
				E604857A2452B4F30070A045 /* LaunchScreen.storyboard in Resources */,
				E60485772452B4F30070A045 /* Assets.xcassets in Resources */,
				E6D0EE9424582F7200C35F24 /* ResponderChain.jpg in Resources */,
				E60485752452B4F30070A045 /* Main.storyboard in Resources */,
			);
			runOnlyForDeploymentPostprocessing = 0;
		};
/* End PBXResourcesBuildPhase section */

/* Begin PBXSourcesBuildPhase section */
		E60485682452B4F30070A045 /* Sources */ = {
			isa = PBXSourcesBuildPhase;
			buildActionMask = 2147483647;
			files = (
				E64BB8D62452C905008D7DB5 /* KSDispatchGroupcController.m in Sources */,
				E6DCC4CD24540B67004092FC /* Double+KSExtensions.swift in Sources */,
				E6D0EE7A2458187600C35F24 /* KSConstValue.swift in Sources */,
				E6DCC4CE24540B67004092FC /* String+KSExtensions.swift in Sources */,
				E6D0EE81245818FC00C35F24 /* KSBaseController.m in Sources */,
				E60485722452B4F30070A045 /* ViewController.swift in Sources */,
				E655E0182452FCC300FA359B /* KSSandboxController.m in Sources */,
				E61FCC7A2457CB2900E87D56 /* KSKVOController.m in Sources */,
				E64BB8BE2452BB83008D7DB5 /* UIViewController+KSCategory.m in Sources */,
				E6ACF43A245A7C6100322BB9 /* KSCopyController.m in Sources */,
				E61FCC822457FEDC00E87D56 /* KSMainCollectionViewCell.swift in Sources */,
				E655E0282453049A00FA359B /* KSReflection.m in Sources */,
				E67D37562456C93900174D75 /* KSAssignController.m in Sources */,
				E655E01D2452FFE500FA359B /* KSUser.m in Sources */,
				E6DCC4CC24540B67004092FC /* CGFloat+KSExtensions.swift in Sources */,
				E64BB8CA2452C293008D7DB5 /* KSDispatchGroupController.swift in Sources */,
				E6DCC4C324540921004092FC /* NSObject+KSExtensions.swift in Sources */,
				E6DCC4D024540B67004092FC /* UIColor+KSExtensions.swift in Sources */,
				E61FCC84245801E500E87D56 /* KSMainViewData.swift in Sources */,
				E61FCC862458025600E87D56 /* KSFunctionPage.swift in Sources */,
				E6DCC4C424540921004092FC /* UIImage+KSExtensions.swift in Sources */,
				E6DCC4C124540921004092FC /* UIButton+KSExtensions.swift in Sources */,
				E64BB8B82452BB2B008D7DB5 /* KSRunloopController.m in Sources */,
				E6DCC4C624540921004092FC /* NSDecimalNumber+KSExtensions.swift in Sources */,
				E67D37262456B1AA00174D75 /* KSMemoryController.m in Sources */,
				E6D0EE8824581E9200C35F24 /* KSLoadController.m in Sources */,
				E655E0112452F13000FA359B /* KSKeychain.m in Sources */,
				E655E00C2452F09F00FA359B /* KSKeychainController.m in Sources */,
				E6ACF441245AB95C00322BB9 /* KSSemaphoreController.swift in Sources */,
				E64BB8AB2452B70B008D7DB5 /* KSBaseViewController.swift in Sources */,
				E6DCC4D524541BD1004092FC /* KSLockController.m in Sources */,
				E60485702452B4F30070A045 /* AppDelegate.swift in Sources */,
				E6DCC4C224540921004092FC /* UIViewController+KSExtensions.swift in Sources */,
				E6DCC4CF24540B67004092FC /* Date+KSExtensions.swift in Sources */,
				E67D375D2456F85E00174D75 /* KSBarrierController.m in Sources */,
				E6DCC4C524540921004092FC /* UILabel+KSExtensions.swift in Sources */,
				E6D0EE902458244400C35F24 /* KSResponderChainController.m in Sources */,
				E64BB8CD2452C39C008D7DB5 /* KSLog.swift in Sources */,
			);
			runOnlyForDeploymentPostprocessing = 0;
		};
/* End PBXSourcesBuildPhase section */

/* Begin PBXVariantGroup section */
		E60485732452B4F30070A045 /* Main.storyboard */ = {
			isa = PBXVariantGroup;
			children = (
				E60485742452B4F30070A045 /* Base */,
			);
			name = Main.storyboard;
			sourceTree = "<group>";
		};
		E60485782452B4F30070A045 /* LaunchScreen.storyboard */ = {
			isa = PBXVariantGroup;
			children = (
				E60485792452B4F30070A045 /* Base */,
			);
			name = LaunchScreen.storyboard;
			sourceTree = "<group>";
		};
/* End PBXVariantGroup section */

/* Begin XCBuildConfiguration section */
		E604857C2452B4F30070A045 /* Debug */ = {
			isa = XCBuildConfiguration;
			buildSettings = {
				ALWAYS_SEARCH_USER_PATHS = NO;
				CLANG_ANALYZER_NONNULL = YES;
				CLANG_ANALYZER_NUMBER_OBJECT_CONVERSION = YES_AGGRESSIVE;
				CLANG_CXX_LANGUAGE_STANDARD = "gnu++14";
				CLANG_CXX_LIBRARY = "libc++";
				CLANG_ENABLE_MODULES = YES;
				CLANG_ENABLE_OBJC_ARC = YES;
				CLANG_ENABLE_OBJC_WEAK = YES;
				CLANG_WARN_BLOCK_CAPTURE_AUTORELEASING = YES;
				CLANG_WARN_BOOL_CONVERSION = YES;
				CLANG_WARN_COMMA = YES;
				CLANG_WARN_CONSTANT_CONVERSION = YES;
				CLANG_WARN_DEPRECATED_OBJC_IMPLEMENTATIONS = YES;
				CLANG_WARN_DIRECT_OBJC_ISA_USAGE = YES_ERROR;
				CLANG_WARN_DOCUMENTATION_COMMENTS = YES;
				CLANG_WARN_EMPTY_BODY = YES;
				CLANG_WARN_ENUM_CONVERSION = YES;
				CLANG_WARN_INFINITE_RECURSION = YES;
				CLANG_WARN_INT_CONVERSION = YES;
				CLANG_WARN_NON_LITERAL_NULL_CONVERSION = YES;
				CLANG_WARN_OBJC_IMPLICIT_RETAIN_SELF = YES;
				CLANG_WARN_OBJC_LITERAL_CONVERSION = YES;
				CLANG_WARN_OBJC_ROOT_CLASS = YES_ERROR;
				CLANG_WARN_RANGE_LOOP_ANALYSIS = YES;
				CLANG_WARN_STRICT_PROTOTYPES = YES;
				CLANG_WARN_SUSPICIOUS_MOVE = YES;
				CLANG_WARN_UNGUARDED_AVAILABILITY = YES_AGGRESSIVE;
				CLANG_WARN_UNREACHABLE_CODE = YES;
				CLANG_WARN__DUPLICATE_METHOD_MATCH = YES;
				CODE_SIGN_IDENTITY = "iPhone Developer";
				COPY_PHASE_STRIP = NO;
				DEBUG_INFORMATION_FORMAT = dwarf;
				ENABLE_STRICT_OBJC_MSGSEND = YES;
				ENABLE_TESTABILITY = YES;
				GCC_C_LANGUAGE_STANDARD = gnu11;
				GCC_DYNAMIC_NO_PIC = NO;
				GCC_NO_COMMON_BLOCKS = YES;
				GCC_OPTIMIZATION_LEVEL = 0;
				GCC_PREPROCESSOR_DEFINITIONS = (
					"DEBUG=1",
					"$(inherited)",
				);
				GCC_WARN_64_TO_32_BIT_CONVERSION = YES;
				GCC_WARN_ABOUT_RETURN_TYPE = YES_ERROR;
				GCC_WARN_UNDECLARED_SELECTOR = YES;
				GCC_WARN_UNINITIALIZED_AUTOS = YES_AGGRESSIVE;
				GCC_WARN_UNUSED_FUNCTION = YES;
				GCC_WARN_UNUSED_VARIABLE = YES;
				IPHONEOS_DEPLOYMENT_TARGET = 11.4;
				MTL_ENABLE_DEBUG_INFO = YES;
				ONLY_ACTIVE_ARCH = YES;
				SDKROOT = iphoneos;
				SWIFT_ACTIVE_COMPILATION_CONDITIONS = DEBUG;
				SWIFT_OPTIMIZATION_LEVEL = "-Onone";
			};
			name = Debug;
		};
		E604857D2452B4F30070A045 /* Release */ = {
			isa = XCBuildConfiguration;
			buildSettings = {
				ALWAYS_SEARCH_USER_PATHS = NO;
				CLANG_ANALYZER_NONNULL = YES;
				CLANG_ANALYZER_NUMBER_OBJECT_CONVERSION = YES_AGGRESSIVE;
				CLANG_CXX_LANGUAGE_STANDARD = "gnu++14";
				CLANG_CXX_LIBRARY = "libc++";
				CLANG_ENABLE_MODULES = YES;
				CLANG_ENABLE_OBJC_ARC = YES;
				CLANG_ENABLE_OBJC_WEAK = YES;
				CLANG_WARN_BLOCK_CAPTURE_AUTORELEASING = YES;
				CLANG_WARN_BOOL_CONVERSION = YES;
				CLANG_WARN_COMMA = YES;
				CLANG_WARN_CONSTANT_CONVERSION = YES;
				CLANG_WARN_DEPRECATED_OBJC_IMPLEMENTATIONS = YES;
				CLANG_WARN_DIRECT_OBJC_ISA_USAGE = YES_ERROR;
				CLANG_WARN_DOCUMENTATION_COMMENTS = YES;
				CLANG_WARN_EMPTY_BODY = YES;
				CLANG_WARN_ENUM_CONVERSION = YES;
				CLANG_WARN_INFINITE_RECURSION = YES;
				CLANG_WARN_INT_CONVERSION = YES;
				CLANG_WARN_NON_LITERAL_NULL_CONVERSION = YES;
				CLANG_WARN_OBJC_IMPLICIT_RETAIN_SELF = YES;
				CLANG_WARN_OBJC_LITERAL_CONVERSION = YES;
				CLANG_WARN_OBJC_ROOT_CLASS = YES_ERROR;
				CLANG_WARN_RANGE_LOOP_ANALYSIS = YES;
				CLANG_WARN_STRICT_PROTOTYPES = YES;
				CLANG_WARN_SUSPICIOUS_MOVE = YES;
				CLANG_WARN_UNGUARDED_AVAILABILITY = YES_AGGRESSIVE;
				CLANG_WARN_UNREACHABLE_CODE = YES;
				CLANG_WARN__DUPLICATE_METHOD_MATCH = YES;
				CODE_SIGN_IDENTITY = "iPhone Developer";
				COPY_PHASE_STRIP = NO;
				DEBUG_INFORMATION_FORMAT = "dwarf-with-dsym";
				ENABLE_NS_ASSERTIONS = NO;
				ENABLE_STRICT_OBJC_MSGSEND = YES;
				GCC_C_LANGUAGE_STANDARD = gnu11;
				GCC_NO_COMMON_BLOCKS = YES;
				GCC_WARN_64_TO_32_BIT_CONVERSION = YES;
				GCC_WARN_ABOUT_RETURN_TYPE = YES_ERROR;
				GCC_WARN_UNDECLARED_SELECTOR = YES;
				GCC_WARN_UNINITIALIZED_AUTOS = YES_AGGRESSIVE;
				GCC_WARN_UNUSED_FUNCTION = YES;
				GCC_WARN_UNUSED_VARIABLE = YES;
				IPHONEOS_DEPLOYMENT_TARGET = 11.4;
				MTL_ENABLE_DEBUG_INFO = NO;
				SDKROOT = iphoneos;
				SWIFT_COMPILATION_MODE = wholemodule;
				SWIFT_OPTIMIZATION_LEVEL = "-O";
				VALIDATE_PRODUCT = YES;
			};
			name = Release;
		};
		E604857F2452B4F30070A045 /* Debug */ = {
			isa = XCBuildConfiguration;
			buildSettings = {
				ASSETCATALOG_COMPILER_APPICON_NAME = AppIcon;
				CLANG_ENABLE_MODULES = YES;
				CODE_SIGN_STYLE = Automatic;
				GCC_PREFIX_HEADER = "$(SRCROOT)/iOSInterview/Scripts/OC/KSGlobalImport.pch";
				INFOPLIST_FILE = iOSInterview/Info.plist;
				LD_RUNPATH_SEARCH_PATHS = (
					"$(inherited)",
					"@executable_path/Frameworks",
				);
				PRODUCT_BUNDLE_IDENTIFIER = saeipi.com.iOSInterview;
				PRODUCT_NAME = "$(TARGET_NAME)";
				SWIFT_OBJC_BRIDGING_HEADER = "iOSInterview/Scripts/OC/iOSInterview-Bridging-Header.h";
				SWIFT_OPTIMIZATION_LEVEL = "-Onone";
				SWIFT_VERSION = 5.0;
				TARGETED_DEVICE_FAMILY = "1,2";
			};
			name = Debug;
		};
		E60485802452B4F30070A045 /* Release */ = {
			isa = XCBuildConfiguration;
			buildSettings = {
				ASSETCATALOG_COMPILER_APPICON_NAME = AppIcon;
				CLANG_ENABLE_MODULES = YES;
				CODE_SIGN_STYLE = Automatic;
				GCC_PREFIX_HEADER = "$(SRCROOT)/iOSInterview/Scripts/OC/KSGlobalImport.pch";
				INFOPLIST_FILE = iOSInterview/Info.plist;
				LD_RUNPATH_SEARCH_PATHS = (
					"$(inherited)",
					"@executable_path/Frameworks",
				);
				PRODUCT_BUNDLE_IDENTIFIER = saeipi.com.iOSInterview;
				PRODUCT_NAME = "$(TARGET_NAME)";
				SWIFT_OBJC_BRIDGING_HEADER = "iOSInterview/Scripts/OC/iOSInterview-Bridging-Header.h";
				SWIFT_VERSION = 5.0;
				TARGETED_DEVICE_FAMILY = "1,2";
			};
			name = Release;
		};
/* End XCBuildConfiguration section */

/* Begin XCConfigurationList section */
		E60485672452B4F30070A045 /* Build configuration list for PBXProject "iOSInterview" */ = {
			isa = XCConfigurationList;
			buildConfigurations = (
				E604857C2452B4F30070A045 /* Debug */,
				E604857D2452B4F30070A045 /* Release */,
			);
			defaultConfigurationIsVisible = 0;
			defaultConfigurationName = Release;
		};
		E604857E2452B4F30070A045 /* Build configuration list for PBXNativeTarget "iOSInterview" */ = {
			isa = XCConfigurationList;
			buildConfigurations = (
				E604857F2452B4F30070A045 /* Debug */,
				E60485802452B4F30070A045 /* Release */,
			);
			defaultConfigurationIsVisible = 0;
			defaultConfigurationName = Release;
		};
/* End XCConfigurationList section */
	};
	rootObject = E60485642452B4F30070A045 /* Project object */;
}
